
Microsoft Visual Studio Solution File, Format Version 12.00
# Visual Studio Version 17
VisualStudioVersion = 17.12.35707.178
MinimumVisualStudioVersion = 10.0.40219.1
Project("{FAE04EC0-301F-11D3-BF4B-00C04F79EFBC}") = "DevEvents.API", "DevEvents.API\DevEvents.API.csproj", "{B4DB267C-4C06-42C9-B1F3-F99E2B127597}"
EndProject
Project("{FAE04EC0-301F-11D3-BF4B-00C04F79EFBC}") = "DevEvents.Console", "DevEvents.Console\DevEvents.Console.csproj", "{B4D3A501-E515-408E-8552-5112ADBC4E21}"
EndProject
Global
	GlobalSection(SolutionConfigurationPlatforms) = preSolution
		Debug|Any CPU = Debug|Any CPU
		Release|Any CPU = Release|Any CPU
	EndGlobalSection
	GlobalSection(ProjectConfigurationPlatforms) = postSolution
		{B4DB267C-4C06-42C9-B1F3-F99E2B127597}.Debug|Any CPU.ActiveCfg = Debug|Any CPU
		{B4DB267C-4C06-42C9-B1F3-F99E2B127597}.Debug|Any CPU.Build.0 = Debug|Any CPU
		{B4DB267C-4C06-42C9-B1F3-F99E2B127597}.Release|Any CPU.ActiveCfg = Release|Any CPU
		{B4DB267C-4C06-42C9-B1F3-F99E2B127597}.Release|Any CPU.Build.0 = Release|Any CPU
		{B4D3A501-E515-408E-8552-5112ADBC4E21}.Debug|Any CPU.ActiveCfg = Debug|Any CPU
		{B4D3A501-E515-408E-8552-5112ADBC4E21}.Debug|Any CPU.Build.0 = Debug|Any CPU
		{B4D3A501-E515-408E-8552-5112ADBC4E21}.Release|Any CPU.ActiveCfg = Release|Any CPU
		{B4D3A501-E515-408E-8552-5112ADBC4E21}.Release|Any CPU.Build.0 = Release|Any CPU
	EndGlobalSection
	GlobalSection(SolutionProperties) = preSolution
		HideSolutionNode = FALSE
	EndGlobalSection
	GlobalSection(ExtensibilityGlobals) = postSolution
		SolutionGuid = {7A6E6489-AE79-4F97-9F59-F3A6A0A7A34B}
	EndGlobalSection
EndGlobal
